
Microsoft Visual Studio Solution File, Format Version 12.00
# Visual Studio 15
Project("{FAE04EC0-301F-11D3-BF4B-00C04F79EFBC}") = "Night at the Museum_Nihar Mamidipudi", "Night at the Museum_Nihar Mamidipudi.csproj", "{4FC380EF-BF7A-D194-EB4E-CC6CAFF98B9E}"
EndProject
Project("{FAE04EC0-301F-11D3-BF4B-00C04F79EFBC}") = "Night at the Museum_Nihar Mamidipudi.Editor", "Night at the Museum_Nihar Mamidipudi.Editor.csproj", "{0B7ABD20-1AB2-9BA8-A561-392EEF546A79}"
EndProject
Global
	GlobalSection(SolutionConfigurationPlatforms) = preSolution
		Debug|Any CPU = Debug|Any CPU
		Release|Any CPU = Release|Any CPU
	EndGlobalSection
	GlobalSection(ProjectConfigurationPlatforms) = postSolution
		{4FC380EF-BF7A-D194-EB4E-CC6CAFF98B9E}.Debug|Any CPU.ActiveCfg = Debug|Any CPU
		{4FC380EF-BF7A-D194-EB4E-CC6CAFF98B9E}.Debug|Any CPU.Build.0 = Debug|Any CPU
		{4FC380EF-BF7A-D194-EB4E-CC6CAFF98B9E}.Release|Any CPU.ActiveCfg = Release|Any CPU
		{4FC380EF-BF7A-D194-EB4E-CC6CAFF98B9E}.Release|Any CPU.Build.0 = Release|Any CPU
		{0B7ABD20-1AB2-9BA8-A561-392EEF546A79}.Debug|Any CPU.ActiveCfg = Debug|Any CPU
		{0B7ABD20-1AB2-9BA8-A561-392EEF546A79}.Debug|Any CPU.Build.0 = Debug|Any CPU
		{0B7ABD20-1AB2-9BA8-A561-392EEF546A79}.Release|Any CPU.ActiveCfg = Release|Any CPU
		{0B7ABD20-1AB2-9BA8-A561-392EEF546A79}.Release|Any CPU.Build.0 = Release|Any CPU
	EndGlobalSection
	GlobalSection(SolutionProperties) = preSolution
		HideSolutionNode = FALSE
	EndGlobalSection
EndGlobal
